
Microsoft Visual Studio Solution File, Format Version 12.00
# Visual Studio Version 17
VisualStudioVersion = 17.1.32421.90
MinimumVisualStudioVersion = 10.0.40219.1
Project("{9A19103F-16F7-4668-BE54-9A1E7A4F7556}") = "HomeSweetHome.UI", "HomeSweetHome.UI\HomeSweetHome.UI.csproj", "{EBA06BAE-4428-433E-97B2-1C20FF426726}"
EndProject
Project("{FAE04EC0-301F-11D3-BF4B-00C04F79EFBC}") = "HomeSweetHome.Infra", "HomeSweetHome.Infra\HomeSweetHome.Infra.csproj", "{0E956BDC-6AB8-4265-85F7-0825711A5146}"
EndProject
Project("{FAE04EC0-301F-11D3-BF4B-00C04F79EFBC}") = "HomeSweetHome.Core", "HomeSweetHome.Core\HomeSweetHome.Core.csproj", "{469DDA84-DD9A-4C95-B825-BAFA8C781F86}"
EndProject
Global
	GlobalSection(SolutionConfigurationPlatforms) = preSolution
		Debug|Any CPU = Debug|Any CPU
		Release|Any CPU = Release|Any CPU
	EndGlobalSection
	GlobalSection(ProjectConfigurationPlatforms) = postSolution
		{EBA06BAE-4428-433E-97B2-1C20FF426726}.Debug|Any CPU.ActiveCfg = Debug|Any CPU
		{EBA06BAE-4428-433E-97B2-1C20FF426726}.Debug|Any CPU.Build.0 = Debug|Any CPU
		{EBA06BAE-4428-433E-97B2-1C20FF426726}.Release|Any CPU.ActiveCfg = Release|Any CPU
		{EBA06BAE-4428-433E-97B2-1C20FF426726}.Release|Any CPU.Build.0 = Release|Any CPU
		{0E956BDC-6AB8-4265-85F7-0825711A5146}.Debug|Any CPU.ActiveCfg = Debug|Any CPU
		{0E956BDC-6AB8-4265-85F7-0825711A5146}.Debug|Any CPU.Build.0 = Debug|Any CPU
		{0E956BDC-6AB8-4265-85F7-0825711A5146}.Release|Any CPU.ActiveCfg = Release|Any CPU
		{0E956BDC-6AB8-4265-85F7-0825711A5146}.Release|Any CPU.Build.0 = Release|Any CPU
		{469DDA84-DD9A-4C95-B825-BAFA8C781F86}.Debug|Any CPU.ActiveCfg = Debug|Any CPU
		{469DDA84-DD9A-4C95-B825-BAFA8C781F86}.Debug|Any CPU.Build.0 = Debug|Any CPU
		{469DDA84-DD9A-4C95-B825-BAFA8C781F86}.Release|Any CPU.ActiveCfg = Release|Any CPU
		{469DDA84-DD9A-4C95-B825-BAFA8C781F86}.Release|Any CPU.Build.0 = Release|Any CPU
	EndGlobalSection
	GlobalSection(SolutionProperties) = preSolution
		HideSolutionNode = FALSE
	EndGlobalSection
	GlobalSection(ExtensibilityGlobals) = postSolution
		SolutionGuid = {F7B6B7B2-9189-465F-95CA-B5CE56EDFFED}
	EndGlobalSection
EndGlobal
